{
  "name": "door43.org",
  "version": "1.0.0",
  "lockfileVersion": 1,
  "requires": true,
  "dependencies": {
    "is-docker": {
      "version": "2.2.1",
      "resolved": "https://registry.npmjs.org/is-docker/-/is-docker-2.2.1.tgz",
      "integrity": "sha512-F+i2BKsFrH66iaUFc0woD8sLy8getkwTwtOBjvs56Cx4CgJDeKQeqfz8wAYiSb8JOprWhHH5p77PbmYCvvUuXQ=="
    },
    "is-wsl": {
      "version": "2.2.0",
      "resolved": "https://registry.npmjs.org/is-wsl/-/is-wsl-2.2.0.tgz",
      "integrity": "sha512-fKzAra0rGJUUBwGBgNkHZuToZcn+TtXHpeCgmkMJMMYx1sQDYaCSyjJBSCa2nH1DGm7s3n1oBnohoVTBaN7Lww==",
      "requires": {
        "is-docker": "^2.0.0"
      }
    },
    "isexe": {
      "version": "2.0.0",
      "resolved": "https://registry.npmjs.org/isexe/-/isexe-2.0.0.tgz",
      "integrity": "sha1-6PvzdNxVb/iUehDcsFctYz8s+hA="
    },
    "jasmine-ajax": {
      "version": "3.4.0",
      "resolved": "https://registry.npmjs.org/jasmine-ajax/-/jasmine-ajax-3.4.0.tgz",
      "integrity": "sha512-LIVNVCmx5ou+IG6wgX7j73YYzvE2e3aqFWMjOhvAHWTnLICOYSobIH+PG/gOwtP20X0u2SkD3NXT/j5X8rMGOA=="
    },
    "jasmine-core": {
      "version": "2.6.4",
      "resolved": "https://registry.npmjs.org/jasmine-core/-/jasmine-core-2.6.4.tgz",
      "integrity": "sha1-3skmzQqfoof7bbXHVfpIfnTOysU="
    },
    "jasmine-jquery": {
      "version": "2.1.1",
      "resolved": "https://registry.npmjs.org/jasmine-jquery/-/jasmine-jquery-2.1.1.tgz",
      "integrity": "sha1-1AleZGlEomdjI1dpqwGNnzDw1Hs="
    },
    "karma": {
      "version": "1.7.0",
      "resolved": "https://registry.npmjs.org/karma/-/karma-1.7.0.tgz",
      "integrity": "sha1-b3oaQGRG+i4YfslTmGmPTO5HYmk="
    },
    "karma-chrome-launcher": {
      "version": "2.2.0",
      "resolved": "https://registry.npmjs.org/karma-chrome-launcher/-/karma-chrome-launcher-2.2.0.tgz",
      "integrity": "sha512-uf/ZVpAabDBPvdPdveyk1EPgbnloPvFFGgmRhYLTDH7gEB4nZdSBk8yTU47w1g/drLSx5uMOkjKk7IWKfWg/+w=="
    },
    "karma-coverage": {
      "version": "1.1.1",
      "resolved": "https://registry.npmjs.org/karma-coverage/-/karma-coverage-1.1.1.tgz",
      "integrity": "sha1-Wv+LOc9plNwi3kyENix2ABtjfPY="
    },
    "karma-coveralls": {
      "version": "1.1.2",
      "resolved": "https://registry.npmjs.org/karma-coveralls/-/karma-coveralls-1.1.2.tgz",
      "integrity": "sha1-b5YO5zh5Owh7qZKEqFTva+TTKuA=",
      "dependencies": {
        "glob": {
          "version": "5.0.15",
          "resolved": "https://registry.npmjs.org/glob/-/glob-5.0.15.tgz",
          "integrity": "sha1-G8k2ueAvSmA/zCIuz3Yz0wuLk7E="
        }
      }
    },
    "karma-firefox-launcher": {
      "version": "2.1.1",
      "resolved": "https://registry.npmjs.org/karma-firefox-launcher/-/karma-firefox-launcher-2.1.1.tgz",
      "integrity": "sha512-VzDMgPseXak9DtfyE1O5bB2BwsMy1zzO1kUxVW1rP0yhC4tDNJ0p3JoFdzvrK4QqVzdqUMa9Rx9YzkdFp8hz3Q==",
      "requires": {
        "is-wsl": "^2.2.0",
        "which": "^2.0.1"
      },
      "dependencies": {
        "which": {
          "version": "2.0.2",
          "resolved": "https://registry.npmjs.org/which/-/which-2.0.2.tgz",
          "integrity": "sha512-BLI3Tl1TW3Pvl70l3yq3Y64i+awpwXqsGBYWkkqMtnbXgrMD+yj7rhW0kuEDxzJaYXGjEW5ogapKNMEKNMjibA==",
          "requires": {
            "isexe": "^2.0.0"
          }
        }
      }
    },
    "karma-jasmine": {
      "version": "1.1.0",
      "resolved": "https://registry.npmjs.org/karma-jasmine/-/karma-jasmine-1.1.0.tgz",
      "integrity": "sha1-IuTAa/mhguUpTR9wXjczgRuBCs8="
    },
    "karma-jasmine-ajax": {
      "version": "0.1.13",
      "resolved": "https://registry.npmjs.org/karma-jasmine-ajax/-/karma-jasmine-ajax-0.1.13.tgz",
      "integrity": "sha1-eLuS2Jb+MqJaGACYxHci4dlgW/w=",
      "requires": {
        "jasmine-ajax": "^3.0.0"
      }
    },
    "karma-jasmine-jquery": {
      "version": "0.1.1",
      "resolved": "https://registry.npmjs.org/karma-jasmine-jquery/-/karma-jasmine-jquery-0.1.1.tgz",
      "integrity": "sha1-icG3VP6kElsfiTghOSwRuc5ddFY="
    },
    "karma-phantomjs-launcher": {
      "version": "1.0.4",
      "resolved": "https://registry.npmjs.org/karma-phantomjs-launcher/-/karma-phantomjs-launcher-1.0.4.tgz",
      "integrity": "sha1-0jyjSAG9qYY60xjju0vUBisTrNI=",
      "dependencies": {
        "lodash": {
          "version": "4.17.4",
          "resolved": "https://registry.npmjs.org/lodash/-/lodash-4.17.4.tgz",
          "integrity": "sha1-eCA6TRwyiuHYbcpkYONptX9AVa4="
        }
      }
    },
    "phantomjs-prebuilt": {
      "version": "2.1.14",
      "resolved": "https://registry.npmjs.org/phantomjs-prebuilt/-/phantomjs-prebuilt-2.1.14.tgz",
      "integrity": "sha1-1T0xH8+30dCN2yQBRVjxGIxRbaA="
    }
  }
}
