{
  "name": "door43.org",
  "version": "1.0.0",
  "lockfileVersion": 1,
  "requires": true,
  "dependencies": {
    "jasmine-ajax": {
      "version": "3.4.0",
      "resolved": "https://registry.npmjs.org/jasmine-ajax/-/jasmine-ajax-3.4.0.tgz",
      "integrity": "sha512-LIVNVCmx5ou+IG6wgX7j73YYzvE2e3aqFWMjOhvAHWTnLICOYSobIH+PG/gOwtP20X0u2SkD3NXT/j5X8rMGOA=="
    },
    "jasmine-core": {
      "version": "3.3.0",
      "resolved": "https://registry.npmjs.org/jasmine-core/-/jasmine-core-3.3.0.tgz",
      "integrity": "sha512-3/xSmG/d35hf80BEN66Y6g9Ca5l/Isdeg/j6zvbTYlTzeKinzmaTM4p9am5kYqOmE05D7s1t8FGjzdSnbUbceA=="
    },
    "jasmine-jquery": {
      "version": "2.1.1",
      "resolved": "https://registry.npmjs.org/jasmine-jquery/-/jasmine-jquery-2.1.1.tgz",
      "integrity": "sha1-1AleZGlEomdjI1dpqwGNnzDw1Hs="
    },
    "karma": {
      "version": "1.7.0",
      "resolved": "https://registry.npmjs.org/karma/-/karma-1.7.0.tgz",
      "integrity": "sha1-b3oaQGRG+i4YfslTmGmPTO5HYmk="
    },
    "karma-chrome-launcher": {
      "version": "2.2.0",
      "resolved": "https://registry.npmjs.org/karma-chrome-launcher/-/karma-chrome-launcher-2.2.0.tgz",
      "integrity": "sha512-uf/ZVpAabDBPvdPdveyk1EPgbnloPvFFGgmRhYLTDH7gEB4nZdSBk8yTU47w1g/drLSx5uMOkjKk7IWKfWg/+w=="
    },
    "karma-coverage": {
      "version": "1.1.1",
      "resolved": "https://registry.npmjs.org/karma-coverage/-/karma-coverage-1.1.1.tgz",
      "integrity": "sha1-Wv+LOc9plNwi3kyENix2ABtjfPY="
    },
    "karma-coveralls": {
      "version": "1.1.2",
      "resolved": "https://registry.npmjs.org/karma-coveralls/-/karma-coveralls-1.1.2.tgz",
      "integrity": "sha1-b5YO5zh5Owh7qZKEqFTva+TTKuA=",
      "dependencies": {
        "glob": {
          "version": "5.0.15",
          "resolved": "https://registry.npmjs.org/glob/-/glob-5.0.15.tgz",
          "integrity": "sha1-G8k2ueAvSmA/zCIuz3Yz0wuLk7E="
        }
      }
    },
    "karma-firefox-launcher": {
      "version": "1.0.1",
      "resolved": "https://registry.npmjs.org/karma-firefox-launcher/-/karma-firefox-launcher-1.0.1.tgz",
      "integrity": "sha1-zlj0fCATqIFW1VpdYTN8CZz1u1E="
    },
    "karma-jasmine": {
      "version": "1.1.0",
      "resolved": "https://registry.npmjs.org/karma-jasmine/-/karma-jasmine-1.1.0.tgz",
      "integrity": "sha1-IuTAa/mhguUpTR9wXjczgRuBCs8="
    },
    "karma-jasmine-ajax": {
      "version": "0.1.13",
      "resolved": "https://registry.npmjs.org/karma-jasmine-ajax/-/karma-jasmine-ajax-0.1.13.tgz",
      "integrity": "sha1-eLuS2Jb+MqJaGACYxHci4dlgW/w=",
      "requires": {
        "jasmine-ajax": "^3.0.0"
      }
    },
    "karma-jasmine-jquery": {
      "version": "0.1.1",
      "resolved": "https://registry.npmjs.org/karma-jasmine-jquery/-/karma-jasmine-jquery-0.1.1.tgz",
      "integrity": "sha1-icG3VP6kElsfiTghOSwRuc5ddFY="
    },
    "karma-phantomjs-launcher": {
      "version": "1.0.4",
      "resolved": "https://registry.npmjs.org/karma-phantomjs-launcher/-/karma-phantomjs-launcher-1.0.4.tgz",
      "integrity": "sha1-0jyjSAG9qYY60xjju0vUBisTrNI=",
      "dependencies": {
        "lodash": {
          "version": "4.17.4",
          "resolved": "https://registry.npmjs.org/lodash/-/lodash-4.17.4.tgz",
          "integrity": "sha1-eCA6TRwyiuHYbcpkYONptX9AVa4="
        }
      }
    },
    "phantomjs-prebuilt": {
      "version": "2.1.14",
      "resolved": "https://registry.npmjs.org/phantomjs-prebuilt/-/phantomjs-prebuilt-2.1.14.tgz",
      "integrity": "sha1-1T0xH8+30dCN2yQBRVjxGIxRbaA="
    }
  }
}
